
Microsoft Visual Studio Solution File, Format Version 12.00
# Visual Studio 15
VisualStudioVersion = 15.0.28307.489
MinimumVisualStudioVersion = 10.0.40219.1
Project("{FAE04EC0-301F-11D3-BF4B-00C04F79EFBC}") = "KomunikatorClient", "KomunikatorClient\KomunikatorClient.csproj", "{B714A6BA-5C1B-42B3-9D01-7F8262449510}"
EndProject
Global
	GlobalSection(SolutionConfigurationPlatforms) = preSolution
		Debug|Any CPU = Debug|Any CPU
		Release|Any CPU = Release|Any CPU
	EndGlobalSection
	GlobalSection(ProjectConfigurationPlatforms) = postSolution
		{B714A6BA-5C1B-42B3-9D01-7F8262449510}.Debug|Any CPU.ActiveCfg = Debug|Any CPU
		{B714A6BA-5C1B-42B3-9D01-7F8262449510}.Debug|Any CPU.Build.0 = Debug|Any CPU
		{B714A6BA-5C1B-42B3-9D01-7F8262449510}.Release|Any CPU.ActiveCfg = Release|Any CPU
		{B714A6BA-5C1B-42B3-9D01-7F8262449510}.Release|Any CPU.Build.0 = Release|Any CPU
	EndGlobalSection
	GlobalSection(SolutionProperties) = preSolution
		HideSolutionNode = FALSE
	EndGlobalSection
	GlobalSection(ExtensibilityGlobals) = postSolution
		SolutionGuid = {FC2E65CC-96A0-41A3-A1D5-C82989F442C8}
	EndGlobalSection
EndGlobal
